
Microsoft Visual Studio Solution File, Format Version 12.00
# Visual Studio Version 17
VisualStudioVersion = 17.14.36616.10 d17.14
MinimumVisualStudioVersion = 10.0.40219.1
Project("{FAE04EC0-301F-11D3-BF4B-00C04F79EFBC}") = "BTH4", "BTH4.csproj", "{3993CA02-9631-4959-8E1A-7160E19E7B82}"
EndProject
Global
	GlobalSection(SolutionConfigurationPlatforms) = preSolution
		Debug|Any CPU = Debug|Any CPU
		Release|Any CPU = Release|Any CPU
	EndGlobalSection
	GlobalSection(ProjectConfigurationPlatforms) = postSolution
		{3993CA02-9631-4959-8E1A-7160E19E7B82}.Debug|Any CPU.ActiveCfg = Debug|Any CPU
		{3993CA02-9631-4959-8E1A-7160E19E7B82}.Debug|Any CPU.Build.0 = Debug|Any CPU
		{3993CA02-9631-4959-8E1A-7160E19E7B82}.Release|Any CPU.ActiveCfg = Release|Any CPU
		{3993CA02-9631-4959-8E1A-7160E19E7B82}.Release|Any CPU.Build.0 = Release|Any CPU
	EndGlobalSection
	GlobalSection(SolutionProperties) = preSolution
		HideSolutionNode = FALSE
	EndGlobalSection
	GlobalSection(ExtensibilityGlobals) = postSolution
		SolutionGuid = {9AD9E12D-9BB9-4836-A4FA-280059694666}
	EndGlobalSection
EndGlobal
